
Microsoft Visual Studio Solution File, Format Version 12.00
# Visual Studio Version 16
VisualStudioVersion = 16.0.28711.60
MinimumVisualStudioVersion = 10.0.40219.1
Project("{FAE04EC0-301F-11D3-BF4B-00C04F79EFBC}") = "gps-service", "gps-service\gps-service.csproj", "{3062F67A-06D7-44D0-B874-0E377DCAECFE}"
EndProject
Global
	GlobalSection(SolutionConfigurationPlatforms) = preSolution
		Debug|Any CPU = Debug|Any CPU
		Release|Any CPU = Release|Any CPU
	EndGlobalSection
	GlobalSection(ProjectConfigurationPlatforms) = postSolution
		{3062F67A-06D7-44D0-B874-0E377DCAECFE}.Debug|Any CPU.ActiveCfg = Debug|Any CPU
		{3062F67A-06D7-44D0-B874-0E377DCAECFE}.Debug|Any CPU.Build.0 = Debug|Any CPU
		{3062F67A-06D7-44D0-B874-0E377DCAECFE}.Release|Any CPU.ActiveCfg = Release|Any CPU
		{3062F67A-06D7-44D0-B874-0E377DCAECFE}.Release|Any CPU.Build.0 = Release|Any CPU
	EndGlobalSection
	GlobalSection(SolutionProperties) = preSolution
		HideSolutionNode = FALSE
	EndGlobalSection
	GlobalSection(ExtensibilityGlobals) = postSolution
		SolutionGuid = {F40E7235-B2B6-4430-8346-834713D3DC22}
	EndGlobalSection
EndGlobal
